// !$*UTF8*$!
{
	archiveVersion = 1;
	classes = {
	};
	objectVersion = 46;
	objects = {

/* Begin PBXBuildFile section */
		06D9AD541557E612006626EE /* UIKit.framework in Frameworks */ = {isa = PBXBuildFile; fileRef = 06D9AD531557E612006626EE /* UIKit.framework */; };
		06D9AD561557E612006626EE /* Foundation.framework in Frameworks */ = {isa = PBXBuildFile; fileRef = 06D9AD551557E612006626EE /* Foundation.framework */; };
		06D9AD5C1557E612006626EE /* InfoPlist.strings in Resources */ = {isa = PBXBuildFile; fileRef = 06D9AD5A1557E612006626EE /* InfoPlist.strings */; };
		06D9AD5E1557E612006626EE /* main.m in Sources */ = {isa = PBXBuildFile; fileRef = 06D9AD5D1557E612006626EE /* main.m */; };
		06D9AD621557E612006626EE /* AppDelegate.m in Sources */ = {isa = PBXBuildFile; fileRef = 06D9AD611557E612006626EE /* AppDelegate.m */; };
/* End PBXBuildFile section */

/* Begin PBXFileReference section */
		06D9AD4F1557E612006626EE /* OpenFlowApp.app */ = {isa = PBXFileReference; explicitFileType = wrapper.application; includeInIndex = 0; path = OpenFlowApp.app; sourceTree = BUILT_PRODUCTS_DIR; };
		06D9AD531557E612006626EE /* UIKit.framework */ = {isa = PBXFileReference; lastKnownFileType = wrapper.framework; name = UIKit.framework; path = System/Library/Frameworks/UIKit.framework; sourceTree = SDKROOT; };
		06D9AD551557E612006626EE /* Foundation.framework */ = {isa = PBXFileReference; lastKnownFileType = wrapper.framework; name = Foundation.framework; path = System/Library/Frameworks/Foundation.framework; sourceTree = SDKROOT; };
		06D9AD591557E612006626EE /* OpenFlowApp-Info.plist */ = {isa = PBXFileReference; path = "OpenFlowApp-Info.plist"; sourceTree = "<group>"; };
		06D9AD5B1557E612006626EE /* en */ = {isa = PBXFileReference; lastKnownFileType = text.plist.strings; name = en; path = en.lproj/InfoPlist.strings; sourceTree = "<group>"; };
		06D9AD5D1557E612006626EE /* main.m */ = {isa = PBXFileReference; lastKnownFileType = sourcecode.c.objc; path = main.m; sourceTree = "<group>"; };
		06D9AD5F1557E612006626EE /* OpenFlowApp-Prefix.pch */ = {isa = PBXFileReference; path = "OpenFlowApp-Prefix.pch"; sourceTree = "<group>"; };
		06D9AD601557E612006626EE /* AppDelegate.h */ = {isa = PBXFileReference; path = AppDelegate.h; sourceTree = "<group>"; };
		06D9AD611557E612006626EE /* AppDelegate.m */ = {isa = PBXFileReference; lastKnownFileType = sourcecode.c.objc; path = AppDelegate.m; sourceTree = "<group>"; };
/* End PBXFileReference section */

/* Begin PBXFrameworksBuildPhase section */
		06D9AD4C1557E612006626EE /* Frameworks */ = {
			isa = PBXFrameworksBuildPhase;
			buildActionMask = 2147483647;
			files = (
				06D9AD541557E612006626EE /* UIKit.framework in Frameworks */,
				06D9AD561557E612006626EE /* Foundation.framework in Frameworks */,
			);
			runOnlyForDeploymentPostprocessing = 0;
		};
/* End PBXFrameworksBuildPhase section */

/* Begin PBXGroup section */
		06D9AD441557E611006626EE = {
			isa = PBXGroup;
			children = (
				06D9AD571557E612006626EE /* OpenFlowApp */,
				06D9AD521557E612006626EE /* Frameworks */,
				06D9AD501557E612006626EE /* Products */,
			);
			sourceTree = "<group>";
		};
		06D9AD501557E612006626EE /* Products */ = {
			isa = PBXGroup;
			children = (
				06D9AD4F1557E612006626EE /* OpenFlowApp.app */,
			);
			name = Products;
			sourceTree = "<group>";
		};
		06D9AD521557E612006626EE /* Frameworks */ = {
			isa = PBXGroup;
			children = (
				06D9AD531557E612006626EE /* UIKit.framework */,
				06D9AD551557E612006626EE /* Foundation.framework */,
			);
			name = Frameworks;
			sourceTree = "<group>";
		};
		06D9AD571557E612006626EE /* OpenFlowApp */ = {
			isa = PBXGroup;
			children = (
				06D9AD601557E612006626EE /* AppDelegate.h */,
				06D9AD611557E612006626EE /* AppDelegate.m */,
				06D9AD581557E612006626EE /* Supporting Files */,
			);
			path = OpenFlowApp;
			sourceTree = "<group>";
		};
		06D9AD581557E612006626EE /* Supporting Files */ = {
			isa = PBXGroup;
			children = (
				06D9AD591557E612006626EE /* OpenFlowApp-Info.plist */,
				06D9AD5A1557E612006626EE /* InfoPlist.strings */,
				06D9AD5D1557E612006626EE /* main.m */,
				06D9AD5F1557E612006626EE /* OpenFlowApp-Prefix.pch */,
			);
			name = "Supporting Files";
			sourceTree = "<group>";
		};
/* End PBXGroup section */

/* Begin PBXNativeTarget section */
		06D9AD4E1557E612006626EE /* OpenFlowApp */ = {
			isa = PBXNativeTarget;
			buildConfigurationList = 06D9AD651557E612006626EE /* Build configuration list for PBXNativeTarget "OpenFlowApp" */;
			buildPhases = (
				06D9AD4B1557E612006626EE /* Sources */,
				06D9AD4C1557E612006626EE /* Frameworks */,
				06D9AD4D1557E612006626EE /* Resources */,
			);
			buildRules = (
			);
			dependencies = (
			);
			name = OpenFlowApp;
			productName = OpenFlowApp;
			productReference = 06D9AD4F1557E612006626EE /* OpenFlowApp.app */;
			productType = "com.apple.product-type.application";
		};
/* End PBXNativeTarget section */

/* Begin PBXProject section */
		06D9AD461557E611006626EE /* Project object */ = {
			isa = PBXProject;
			attributes = {
				LastUpgradeCheck = 0420;
			};
			buildConfigurationList = 06D9AD491557E611006626EE /* Build configuration list for PBXProject "OpenFlowApp" */;
			compatibilityVersion = "Xcode 3.2";
			developmentRegion = English;
			hasScannedForEncodings = 0;
			knownRegions = (
				en,
			);
			mainGroup = 06D9AD441557E611006626EE;
			productRefGroup = 06D9AD501557E612006626EE /* Products */;
			projectDirPath = "";
			projectRoot = "";
			targets = (
				06D9AD4E1557E612006626EE /* OpenFlowApp */,
			);
		};
/* End PBXProject section */

/* Begin PBXResourcesBuildPhase section */
		06D9AD4D1557E612006626EE /* Resources */ = {
			isa = PBXResourcesBuildPhase;
			buildActionMask = 2147483647;
			files = (
				06D9AD5C1557E612006626EE /* InfoPlist.strings in Resources */,
			);
			runOnlyForDeploymentPostprocessing = 0;
		};
/* End PBXResourcesBuildPhase section */

/* Begin PBXSourcesBuildPhase section */
		06D9AD4B1557E612006626EE /* Sources */ = {
			isa = PBXSourcesBuildPhase;
			buildActionMask = 2147483647;
			files = (
				06D9AD5E1557E612006626EE /* main.m in Sources */,
				06D9AD621557E612006626EE /* AppDelegate.m in Sources */,
			);
			runOnlyForDeploymentPostprocessing = 0;
		};
/* End PBXSourcesBuildPhase section */

/* Begin PBXVariantGroup section */
		06D9AD5A1557E612006626EE /* InfoPlist.strings */ = {
			isa = PBXVariantGroup;
			children = (
				06D9AD5B1557E612006626EE /* en */,
			);
			name = InfoPlist.strings;
			sourceTree = "<group>";
		};
/* End PBXVariantGroup section */

/* Begin XCBuildConfiguration section */
		06D9AD631557E612006626EE /* Debug */ = {
			isa = XCBuildConfiguration;
			buildSettings = {
				ALWAYS_SEARCH_USER_PATHS = NO;
				ARCHS = "$(ARCHS_STANDARD_32_BIT)";
				"CODE_SIGN_IDENTITY[sdk=iphoneos*]" = "iPhone Developer";
				COPY_PHASE_STRIP = NO;
				GCC_C_LANGUAGE_STANDARD = gnu99;
				GCC_DYNAMIC_NO_PIC = NO;
				GCC_OPTIMIZATION_LEVEL = 0;
				GCC_PREPROCESSOR_DEFINITIONS = (
					"DEBUG=1",
					"$(inherited)",
				);
				GCC_SYMBOLS_PRIVATE_EXTERN = NO;
				GCC_VERSION = com.apple.compilers.llvm.clang.1_0;
				GCC_WARN_ABOUT_MISSING_PROTOTYPES = YES;
				GCC_WARN_ABOUT_RETURN_TYPE = YES;
				GCC_WARN_UNUSED_VARIABLE = YES;
				IPHONEOS_DEPLOYMENT_TARGET = 5.0;
				SDKROOT = iphoneos;
			};
			name = Debug;
		};
		06D9AD641557E612006626EE /* Release */ = {
			isa = XCBuildConfiguration;
			buildSettings = {
				ALWAYS_SEARCH_USER_PATHS = NO;
				ARCHS = "$(ARCHS_STANDARD_32_BIT)";
				"CODE_SIGN_IDENTITY[sdk=iphoneos*]" = "iPhone Developer";
				COPY_PHASE_STRIP = YES;
				GCC_C_LANGUAGE_STANDARD = gnu99;
				GCC_VERSION = com.apple.compilers.llvm.clang.1_0;
				GCC_WARN_ABOUT_MISSING_PROTOTYPES = YES;
				GCC_WARN_ABOUT_RETURN_TYPE = YES;
				GCC_WARN_UNUSED_VARIABLE = YES;
				IPHONEOS_DEPLOYMENT_TARGET = 5.0;
				OTHER_CFLAGS = "-DNS_BLOCK_ASSERTIONS=1";
				SDKROOT = iphoneos;
				VALIDATE_PRODUCT = YES;
			};
			name = Release;
		};
		06D9AD661557E612006626EE /* Debug */ = {
			isa = XCBuildConfiguration;
			buildSettings = {
				GCC_PRECOMPILE_PREFIX_HEADER = YES;
				GCC_PREFIX_HEADER = "OpenFlowApp/OpenFlowApp-Prefix.pch";
				INFOPLIST_FILE = "OpenFlowApp/OpenFlowApp-Info.plist";
				PRODUCT_NAME = "$(TARGET_NAME)";
				WRAPPER_EXTENSION = app;
			};
			name = Debug;
		};
		06D9AD671557E612006626EE /* Release */ = {
			isa = XCBuildConfiguration;
			buildSettings = {
				GCC_PRECOMPILE_PREFIX_HEADER = YES;
				GCC_PREFIX_HEADER = "OpenFlowApp/OpenFlowApp-Prefix.pch";
				INFOPLIST_FILE = "OpenFlowApp/OpenFlowApp-Info.plist";
				PRODUCT_NAME = "$(TARGET_NAME)";
				WRAPPER_EXTENSION = app;
			};
			name = Release;
		};
/* End XCBuildConfiguration section */

/* Begin XCConfigurationList section */
		06D9AD491557E611006626EE /* Build configuration list for PBXProject "OpenFlowApp" */ = {
			isa = XCConfigurationList;
			buildConfigurations = (
				06D9AD631557E612006626EE /* Debug */,
				06D9AD641557E612006626EE /* Release */,
			);
			defaultConfigurationIsVisible = 0;
			defaultConfigurationName = Release;
		};
		06D9AD651557E612006626EE /* Build configuration list for PBXNativeTarget "OpenFlowApp" */ = {
			isa = XCConfigurationList;
			buildConfigurations = (
				06D9AD661557E612006626EE /* Debug */,
				06D9AD671557E612006626EE /* Release */,
			);
			defaultConfigurationIsVisible = 0;
		};
/* End XCConfigurationList section */
	};
	rootObject = 06D9AD461557E611006626EE /* Project object */;
}
